
Microsoft Visual Studio Solution File, Format Version 12.00
Project("{FAE04EC0-301F-11D3-BF4B-00C04F79EFBC}") = "xlbr", "xlbr\xlbr.csproj", "{22B9993D-4161-4B99-B3AC-0D375F3735E3}"
EndProject
Global
	GlobalSection(SolutionConfigurationPlatforms) = preSolution
		Debug|Any CPU = Debug|Any CPU
		Release|Any CPU = Release|Any CPU
	EndGlobalSection
	GlobalSection(ProjectConfigurationPlatforms) = postSolution
		{22B9993D-4161-4B99-B3AC-0D375F3735E3}.Debug|Any CPU.ActiveCfg = Debug|Any CPU
		{22B9993D-4161-4B99-B3AC-0D375F3735E3}.Debug|Any CPU.Build.0 = Debug|Any CPU
		{22B9993D-4161-4B99-B3AC-0D375F3735E3}.Release|Any CPU.ActiveCfg = Release|Any CPU
		{22B9993D-4161-4B99-B3AC-0D375F3735E3}.Release|Any CPU.Build.0 = Release|Any CPU
	EndGlobalSection
EndGlobal
